<?xml version="1.0" encoding="utf-8"?>
<Project ToolsVersion="4.0" xmlns="http://schemas.microsoft.com/developer/msbuild/2003">
  <ItemGroup>
    <Filter Include="Source Files">
      <UniqueIdentifier>{4FC737F1-C7A5-4376-A066-2A32D752A2FF}</UniqueIdentifier>
      <Extensions>cpp;c;cc;cxx;def;odl;idl;hpj;bat;asm;asmx</Extensions>
    </Filter>
    <Filter Include="Header Files">
      <UniqueIdentifier>{93995380-89BD-4b04-88EB-625FBE52EBFB}</UniqueIdentifier>
      <Extensions>h;hh;hpp;hxx;hm;inl;inc;xsd</Extensions>
    </Filter>
    <Filter Include="Resource Files">
      <UniqueIdentifier>{67DA6AB6-F800-4c08-8B7A-83BB121AAD01}</UniqueIdentifier>
      <Extensions>rc;ico;cur;bmp;dlg;rc2;rct;bin;rgs;gif;jpg;jpeg;jpe;resx;tiff;tif;png;wav;mfcribbon-ms</Extensions>
    </Filter>
    <Filter Include="common">
      <UniqueIdentifier>{00c51672-2cc2-4c1d-8b0e-b6bb97405907}</UniqueIdentifier>
    </Filter>
    <Filter Include="Source Files\Core">
      <UniqueIdentifier>{7f515483-033b-4373-ac8f-583942cd375b}</UniqueIdentifier>
    </Filter>
    <Filter Include="Source Files\Core\Init">
      <UniqueIdentifier>{b7f96491-a232-45d1-97fc-503711f5d4e1}</UniqueIdentifier>
    </Filter>
    <Filter Include="Source Files\Managers">
      <UniqueIdentifier>{b73b544f-c8f1-4a6c-a512-2e00cfa67e72}</UniqueIdentifier>
    </Filter>
    <Filter Include="Shaders">
      <UniqueIdentifier>{7d73af74-d248-44b7-91cc-f3e41aec1823}</UniqueIdentifier>
    </Filter>
    <Filter Include="Source Files\Rendering">
      <UniqueIdentifier>{d769cf0e-7baf-4428-9a98-870b2132661b}</UniqueIdentifier>
    </Filter>
    <Filter Include="Source Files\Rendering\Models">
      <UniqueIdentifier>{cd074c6c-ea1f-4b9e-bee8-85b7a7226dc1}</UniqueIdentifier>
    </Filter>
  </ItemGroup>
  <ItemGroup>
    <ClCompile Include="main.cpp">
      <Filter>Source Files</Filter>
    </ClCompile>
    <ClCompile Include="Core\Init\IListener.cpp">
      <Filter>Source Files\Core\Init</Filter>
    </ClCompile>
    <ClCompile Include="Core\Init\Init_GLEW.cpp">
      <Filter>Source Files\Core\Init</Filter>
    </ClCompile>
    <ClCompile Include="Core\Init\Init_GLFW.cpp">
      <Filter>Source Files\Core\Init</Filter>
    </ClCompile>
    <ClCompile Include="Managers\ModelsManager.cpp">
      <Filter>Source Files\Managers</Filter>
    </ClCompile>
    <ClCompile Include="Managers\SceneManager.cpp">
      <Filter>Source Files\Managers</Filter>
    </ClCompile>
    <ClCompile Include="Managers\ShaderManager.cpp">
      <Filter>Source Files\Managers</Filter>
    </ClCompile>
    <ClCompile Include="Rendering\Models\Cube.cpp">
      <Filter>Source Files\Rendering\Models</Filter>
    </ClCompile>
    <ClCompile Include="Rendering\Models\Model.cpp">
      <Filter>Source Files\Rendering\Models</Filter>
    </ClCompile>
    <ClCompile Include="Rendering\Models\Quad.cpp">
      <Filter>Source Files\Rendering\Models</Filter>
    </ClCompile>
    <ClCompile Include="Rendering\Models\Traingle.cpp">
      <Filter>Source Files\Rendering\Models</Filter>
    </ClCompile>
    <ClCompile Include="Rendering\Camera.cpp">
      <Filter>Source Files\Rendering</Filter>
    </ClCompile>
    <ClCompile Include="Managers\InputManager.cpp">
      <Filter>Source Files\Managers</Filter>
    </ClCompile>
    <ClCompile Include="Rendering\Texture.cpp">
      <Filter>Source Files\Rendering</Filter>
    </ClCompile>
    <ClCompile Include="Rendering\Models\Mesh.cpp">
      <Filter>Source Files\Rendering\Models</Filter>
    </ClCompile>
  </ItemGroup>
  <ItemGroup>
    <ClInclude Include="Core\Init\ContextInfo.h">
      <Filter>Source Files\Core\Init</Filter>
    </ClInclude>
    <ClInclude Include="Core\Init\IListener.h">
      <Filter>Source Files\Core\Init</Filter>
    </ClInclude>
    <ClInclude Include="Core\Init\Init_GLEW.h">
      <Filter>Source Files\Core\Init</Filter>
    </ClInclude>
    <ClInclude Include="Core\Init\Init_GLFW.h">
      <Filter>Source Files\Core\Init</Filter>
    </ClInclude>
    <ClInclude Include="Core\Init\WindowInfo.h">
      <Filter>Source Files\Core\Init</Filter>
    </ClInclude>
    <ClInclude Include="Managers\ModelsManager.h">
      <Filter>Source Files\Managers</Filter>
    </ClInclude>
    <ClInclude Include="Managers\SceneManager.h">
      <Filter>Source Files\Managers</Filter>
    </ClInclude>
    <ClInclude Include="Managers\ShaderManager.h">
      <Filter>Source Files\Managers</Filter>
    </ClInclude>
    <ClInclude Include="Rendering\IGameObject.h">
      <Filter>Source Files\Rendering</Filter>
    </ClInclude>
    <ClInclude Include="Rendering\VertexFormat.h">
      <Filter>Source Files\Rendering</Filter>
    </ClInclude>
    <ClInclude Include="Rendering\Models\Cube.h">
      <Filter>Source Files\Rendering\Models</Filter>
    </ClInclude>
    <ClInclude Include="Rendering\Models\Model.h">
      <Filter>Source Files\Rendering\Models</Filter>
    </ClInclude>
    <ClInclude Include="Rendering\Models\Quad.h">
      <Filter>Source Files\Rendering\Models</Filter>
    </ClInclude>
    <ClInclude Include="Rendering\Models\Triangle.h">
      <Filter>Source Files\Rendering\Models</Filter>
    </ClInclude>
    <ClInclude Include="Rendering\Camera.h">
      <Filter>Source Files\Rendering</Filter>
    </ClInclude>
    <ClInclude Include="Managers\InputManager.h">
      <Filter>Source Files\Managers</Filter>
    </ClInclude>
    <ClInclude Include="Rendering\Texture.h">
      <Filter>Source Files\Rendering</Filter>
    </ClInclude>
    <ClInclude Include="Rendering\Models\Mesh.h">
      <Filter>Source Files\Rendering\Models</Filter>
    </ClInclude>
    <ClInclude Include="Core\Init\Common.h">
      <Filter>Source Files\Core\Init</Filter>
    </ClInclude>
  </ItemGroup>
  <ItemGroup>
    <None Include="Shaders\Fragment_Shader.glsl">
      <Filter>Shaders</Filter>
    </None>
    <None Include="Shaders\Vertex_Shader.glsl">
      <Filter>Shaders</Filter>
    </None>
    <None Include="Shaders\Camera.fragment">
      <Filter>Shaders</Filter>
    </None>
    <None Include="Shaders\Camera.vertex">
      <Filter>Shaders</Filter>
    </None>
  </ItemGroup>
</Project>